
Microsoft Visual Studio Solution File, Format Version 12.00
# Visual Studio 2013
VisualStudioVersion = 12.0.30723.0
MinimumVisualStudioVersion = 10.0.40219.1
Project("{2150E333-8FDC-42A3-9474-1A3956D46DE8}") = "GoSend", "GoSend", "{71FCC0C5-8EB2-443A-8C4D-B210DA534942}"
EndProject
Project("{D954291E-2A0B-460D-934E-DC6B0785DB48}") = "GoSend.Shared", "GoSend\GoSend.Shared\GoSend.Shared.shproj", "{219A918F-F225-4435-9D53-644D847E767C}"
EndProject
Project("{FAE04EC0-301F-11D3-BF4B-00C04F79EFBC}") = "GoSend.Windows", "GoSend\GoSend.Windows\GoSend.Windows.csproj", "{4FA47E92-81AF-422E-9F22-5D409E857E75}"
EndProject
Project("{FAE04EC0-301F-11D3-BF4B-00C04F79EFBC}") = "GoSend.WindowsPhone", "GoSend\GoSend.WindowsPhone\GoSend.WindowsPhone.csproj", "{C5FDB12B-FDE2-40CF-926F-6ABA171BCA80}"
EndProject
Project("{2150E333-8FDC-42A3-9474-1A3956D46DE8}") = "UI", "UI", "{DBBFD064-6BF8-4905-B534-84288AEE8386}"
EndProject
Project("{2150E333-8FDC-42A3-9474-1A3956D46DE8}") = "Shared", "Shared", "{D1FE0E59-FA62-4E17-9459-A54514577D26}"
EndProject
Project("{2150E333-8FDC-42A3-9474-1A3956D46DE8}") = "Server", "Server", "{E0A18BCD-D751-4630-9A73-1A57CB977299}"
EndProject
Project("{2150E333-8FDC-42A3-9474-1A3956D46DE8}") = "DB", "DB", "{0180E5EE-11BC-4A6F-BB40-2D5DA2B8616F}"
EndProject
Project("{FAE04EC0-301F-11D3-BF4B-00C04F79EFBC}") = "SQLite", "SQLiteModel\SQLite.csproj", "{DA06AD5D-1DAA-4981-A9A1-206EECB4F83B}"
EndProject
Project("{FAE04EC0-301F-11D3-BF4B-00C04F79EFBC}") = "WebServer", "WebServer\WebServer.csproj", "{A25778C6-C253-4B42-83D4-230A50508667}"
EndProject
Project("{FAE04EC0-301F-11D3-BF4B-00C04F79EFBC}") = "BL", "BL\BL.csproj", "{54161835-DF52-4F04-BDF3-6AA9F7DA3E0F}"
EndProject
Global
	GlobalSection(SharedMSBuildProjectFiles) = preSolution
		GoSend\GoSend.Shared\GoSend.Shared.projitems*{4fa47e92-81af-422e-9f22-5d409e857e75}*SharedItemsImports = 4
		GoSend\GoSend.Shared\GoSend.Shared.projitems*{219a918f-f225-4435-9d53-644d847e767c}*SharedItemsImports = 13
		GoSend\GoSend.Shared\GoSend.Shared.projitems*{c5fdb12b-fde2-40cf-926f-6aba171bca80}*SharedItemsImports = 4
	EndGlobalSection
	GlobalSection(SolutionConfigurationPlatforms) = preSolution
		Debug|Any CPU = Debug|Any CPU
		Debug|ARM = Debug|ARM
		Debug|x64 = Debug|x64
		Debug|x86 = Debug|x86
		Release|Any CPU = Release|Any CPU
		Release|ARM = Release|ARM
		Release|x64 = Release|x64
		Release|x86 = Release|x86
	EndGlobalSection
	GlobalSection(ProjectConfigurationPlatforms) = postSolution
		{4FA47E92-81AF-422E-9F22-5D409E857E75}.Debug|Any CPU.ActiveCfg = Debug|x86
		{4FA47E92-81AF-422E-9F22-5D409E857E75}.Debug|Any CPU.Build.0 = Debug|x86
		{4FA47E92-81AF-422E-9F22-5D409E857E75}.Debug|Any CPU.Deploy.0 = Debug|x86
		{4FA47E92-81AF-422E-9F22-5D409E857E75}.Debug|ARM.ActiveCfg = Debug|ARM
		{4FA47E92-81AF-422E-9F22-5D409E857E75}.Debug|ARM.Build.0 = Debug|ARM
		{4FA47E92-81AF-422E-9F22-5D409E857E75}.Debug|ARM.Deploy.0 = Debug|ARM
		{4FA47E92-81AF-422E-9F22-5D409E857E75}.Debug|x64.ActiveCfg = Debug|x64
		{4FA47E92-81AF-422E-9F22-5D409E857E75}.Debug|x64.Build.0 = Debug|x64
		{4FA47E92-81AF-422E-9F22-5D409E857E75}.Debug|x64.Deploy.0 = Debug|x64
		{4FA47E92-81AF-422E-9F22-5D409E857E75}.Debug|x86.ActiveCfg = Debug|x86
		{4FA47E92-81AF-422E-9F22-5D409E857E75}.Debug|x86.Build.0 = Debug|x86
		{4FA47E92-81AF-422E-9F22-5D409E857E75}.Debug|x86.Deploy.0 = Debug|x86
		{4FA47E92-81AF-422E-9F22-5D409E857E75}.Release|Any CPU.ActiveCfg = Release|Any CPU
		{4FA47E92-81AF-422E-9F22-5D409E857E75}.Release|Any CPU.Build.0 = Release|Any CPU
		{4FA47E92-81AF-422E-9F22-5D409E857E75}.Release|Any CPU.Deploy.0 = Release|Any CPU
		{4FA47E92-81AF-422E-9F22-5D409E857E75}.Release|ARM.ActiveCfg = Release|ARM
		{4FA47E92-81AF-422E-9F22-5D409E857E75}.Release|ARM.Build.0 = Release|ARM
		{4FA47E92-81AF-422E-9F22-5D409E857E75}.Release|ARM.Deploy.0 = Release|ARM
		{4FA47E92-81AF-422E-9F22-5D409E857E75}.Release|x64.ActiveCfg = Release|x64
		{4FA47E92-81AF-422E-9F22-5D409E857E75}.Release|x64.Build.0 = Release|x64
		{4FA47E92-81AF-422E-9F22-5D409E857E75}.Release|x64.Deploy.0 = Release|x64
		{4FA47E92-81AF-422E-9F22-5D409E857E75}.Release|x86.ActiveCfg = Release|x86
		{4FA47E92-81AF-422E-9F22-5D409E857E75}.Release|x86.Build.0 = Release|x86
		{4FA47E92-81AF-422E-9F22-5D409E857E75}.Release|x86.Deploy.0 = Release|x86
		{C5FDB12B-FDE2-40CF-926F-6ABA171BCA80}.Debug|Any CPU.ActiveCfg = Debug|ARM
		{C5FDB12B-FDE2-40CF-926F-6ABA171BCA80}.Debug|Any CPU.Build.0 = Debug|ARM
		{C5FDB12B-FDE2-40CF-926F-6ABA171BCA80}.Debug|Any CPU.Deploy.0 = Debug|ARM
		{C5FDB12B-FDE2-40CF-926F-6ABA171BCA80}.Debug|ARM.ActiveCfg = Debug|ARM
		{C5FDB12B-FDE2-40CF-926F-6ABA171BCA80}.Debug|ARM.Build.0 = Debug|ARM
		{C5FDB12B-FDE2-40CF-926F-6ABA171BCA80}.Debug|ARM.Deploy.0 = Debug|ARM
		{C5FDB12B-FDE2-40CF-926F-6ABA171BCA80}.Debug|x64.ActiveCfg = Debug|Any CPU
		{C5FDB12B-FDE2-40CF-926F-6ABA171BCA80}.Debug|x86.ActiveCfg = Debug|x86
		{C5FDB12B-FDE2-40CF-926F-6ABA171BCA80}.Debug|x86.Build.0 = Debug|x86
		{C5FDB12B-FDE2-40CF-926F-6ABA171BCA80}.Debug|x86.Deploy.0 = Debug|x86
		{C5FDB12B-FDE2-40CF-926F-6ABA171BCA80}.Release|Any CPU.ActiveCfg = Release|Any CPU
		{C5FDB12B-FDE2-40CF-926F-6ABA171BCA80}.Release|Any CPU.Build.0 = Release|Any CPU
		{C5FDB12B-FDE2-40CF-926F-6ABA171BCA80}.Release|Any CPU.Deploy.0 = Release|Any CPU
		{C5FDB12B-FDE2-40CF-926F-6ABA171BCA80}.Release|ARM.ActiveCfg = Release|ARM
		{C5FDB12B-FDE2-40CF-926F-6ABA171BCA80}.Release|ARM.Build.0 = Release|ARM
		{C5FDB12B-FDE2-40CF-926F-6ABA171BCA80}.Release|ARM.Deploy.0 = Release|ARM
		{C5FDB12B-FDE2-40CF-926F-6ABA171BCA80}.Release|x64.ActiveCfg = Release|Any CPU
		{C5FDB12B-FDE2-40CF-926F-6ABA171BCA80}.Release|x86.ActiveCfg = Release|x86
		{C5FDB12B-FDE2-40CF-926F-6ABA171BCA80}.Release|x86.Build.0 = Release|x86
		{C5FDB12B-FDE2-40CF-926F-6ABA171BCA80}.Release|x86.Deploy.0 = Release|x86
		{DA06AD5D-1DAA-4981-A9A1-206EECB4F83B}.Debug|Any CPU.ActiveCfg = Debug|Any CPU
		{DA06AD5D-1DAA-4981-A9A1-206EECB4F83B}.Debug|Any CPU.Build.0 = Debug|Any CPU
		{DA06AD5D-1DAA-4981-A9A1-206EECB4F83B}.Debug|ARM.ActiveCfg = Debug|Any CPU
		{DA06AD5D-1DAA-4981-A9A1-206EECB4F83B}.Debug|x64.ActiveCfg = Debug|Any CPU
		{DA06AD5D-1DAA-4981-A9A1-206EECB4F83B}.Debug|x86.ActiveCfg = Debug|Any CPU
		{DA06AD5D-1DAA-4981-A9A1-206EECB4F83B}.Release|Any CPU.ActiveCfg = Release|Any CPU
		{DA06AD5D-1DAA-4981-A9A1-206EECB4F83B}.Release|Any CPU.Build.0 = Release|Any CPU
		{DA06AD5D-1DAA-4981-A9A1-206EECB4F83B}.Release|ARM.ActiveCfg = Release|Any CPU
		{DA06AD5D-1DAA-4981-A9A1-206EECB4F83B}.Release|x64.ActiveCfg = Release|Any CPU
		{DA06AD5D-1DAA-4981-A9A1-206EECB4F83B}.Release|x86.ActiveCfg = Release|Any CPU
		{A25778C6-C253-4B42-83D4-230A50508667}.Debug|Any CPU.ActiveCfg = Debug|Any CPU
		{A25778C6-C253-4B42-83D4-230A50508667}.Debug|Any CPU.Build.0 = Debug|Any CPU
		{A25778C6-C253-4B42-83D4-230A50508667}.Debug|ARM.ActiveCfg = Debug|Any CPU
		{A25778C6-C253-4B42-83D4-230A50508667}.Debug|x64.ActiveCfg = Debug|Any CPU
		{A25778C6-C253-4B42-83D4-230A50508667}.Debug|x86.ActiveCfg = Debug|Any CPU
		{A25778C6-C253-4B42-83D4-230A50508667}.Release|Any CPU.ActiveCfg = Release|Any CPU
		{A25778C6-C253-4B42-83D4-230A50508667}.Release|Any CPU.Build.0 = Release|Any CPU
		{A25778C6-C253-4B42-83D4-230A50508667}.Release|ARM.ActiveCfg = Release|Any CPU
		{A25778C6-C253-4B42-83D4-230A50508667}.Release|x64.ActiveCfg = Release|Any CPU
		{A25778C6-C253-4B42-83D4-230A50508667}.Release|x86.ActiveCfg = Release|Any CPU
		{54161835-DF52-4F04-BDF3-6AA9F7DA3E0F}.Debug|Any CPU.ActiveCfg = Debug|Any CPU
		{54161835-DF52-4F04-BDF3-6AA9F7DA3E0F}.Debug|Any CPU.Build.0 = Debug|Any CPU
		{54161835-DF52-4F04-BDF3-6AA9F7DA3E0F}.Debug|ARM.ActiveCfg = Debug|Any CPU
		{54161835-DF52-4F04-BDF3-6AA9F7DA3E0F}.Debug|x64.ActiveCfg = Debug|Any CPU
		{54161835-DF52-4F04-BDF3-6AA9F7DA3E0F}.Debug|x86.ActiveCfg = Debug|Any CPU
		{54161835-DF52-4F04-BDF3-6AA9F7DA3E0F}.Release|Any CPU.ActiveCfg = Release|Any CPU
		{54161835-DF52-4F04-BDF3-6AA9F7DA3E0F}.Release|Any CPU.Build.0 = Release|Any CPU
		{54161835-DF52-4F04-BDF3-6AA9F7DA3E0F}.Release|ARM.ActiveCfg = Release|Any CPU
		{54161835-DF52-4F04-BDF3-6AA9F7DA3E0F}.Release|x64.ActiveCfg = Release|Any CPU
		{54161835-DF52-4F04-BDF3-6AA9F7DA3E0F}.Release|x86.ActiveCfg = Release|Any CPU
	EndGlobalSection
	GlobalSection(SolutionProperties) = preSolution
		HideSolutionNode = FALSE
	EndGlobalSection
	GlobalSection(NestedProjects) = preSolution
		{219A918F-F225-4435-9D53-644D847E767C} = {D1FE0E59-FA62-4E17-9459-A54514577D26}
		{4FA47E92-81AF-422E-9F22-5D409E857E75} = {DBBFD064-6BF8-4905-B534-84288AEE8386}
		{C5FDB12B-FDE2-40CF-926F-6ABA171BCA80} = {DBBFD064-6BF8-4905-B534-84288AEE8386}
		{DBBFD064-6BF8-4905-B534-84288AEE8386} = {71FCC0C5-8EB2-443A-8C4D-B210DA534942}
		{D1FE0E59-FA62-4E17-9459-A54514577D26} = {71FCC0C5-8EB2-443A-8C4D-B210DA534942}
		{E0A18BCD-D751-4630-9A73-1A57CB977299} = {D1FE0E59-FA62-4E17-9459-A54514577D26}
		{0180E5EE-11BC-4A6F-BB40-2D5DA2B8616F} = {D1FE0E59-FA62-4E17-9459-A54514577D26}
		{DA06AD5D-1DAA-4981-A9A1-206EECB4F83B} = {0180E5EE-11BC-4A6F-BB40-2D5DA2B8616F}
		{A25778C6-C253-4B42-83D4-230A50508667} = {E0A18BCD-D751-4630-9A73-1A57CB977299}
		{54161835-DF52-4F04-BDF3-6AA9F7DA3E0F} = {0180E5EE-11BC-4A6F-BB40-2D5DA2B8616F}
	EndGlobalSection
EndGlobal
